// !$*UTF8*$!
{
	archiveVersion = 1;
	classes = {
	};
	objectVersion = 46;
	objects = {

/* Begin PBXBuildFile section */
		F733AFD41F71247000C3D256 /* LoadingCollectionReusableView.swift in Sources */ = {isa = PBXBuildFile; fileRef = F733AFD21F71247000C3D256 /* LoadingCollectionReusableView.swift */; };
		F733AFD51F71247000C3D256 /* LoadingCollectionReusableView.xib in Resources */ = {isa = PBXBuildFile; fileRef = F733AFD31F71247000C3D256 /* LoadingCollectionReusableView.xib */; };
		F733AFD91F71295E00C3D256 /* PhotoCollectionViewCell.swift in Sources */ = {isa = PBXBuildFile; fileRef = F733AFD81F71295E00C3D256 /* PhotoCollectionViewCell.swift */; };
		F733AFDB1F715E4E00C3D256 /* UICollectionView+Nib.swift in Sources */ = {isa = PBXBuildFile; fileRef = F733AFDA1F715E4E00C3D256 /* UICollectionView+Nib.swift */; };
		F733AFDD1F715F5C00C3D256 /* GlobalFunctions.swift in Sources */ = {isa = PBXBuildFile; fileRef = F733AFDC1F715F5C00C3D256 /* GlobalFunctions.swift */; };
		F7554BA0215F6E7A007F945B /* PhotosApi.swift in Sources */ = {isa = PBXBuildFile; fileRef = F7554B9F215F6E79007F945B /* PhotosApi.swift */; };
		F7554BA22160E04A007F945B /* PhotoInteractor.swift in Sources */ = {isa = PBXBuildFile; fileRef = F7554BA12160E04A007F945B /* PhotoInteractor.swift */; };
		F79495211F6EC562006E3AB5 /* AppDelegate.swift in Sources */ = {isa = PBXBuildFile; fileRef = F79495201F6EC562006E3AB5 /* AppDelegate.swift */; };
		F79495231F6EC562006E3AB5 /* PhotosViewController.swift in Sources */ = {isa = PBXBuildFile; fileRef = F79495221F6EC562006E3AB5 /* PhotosViewController.swift */; };
		F79495281F6EC562006E3AB5 /* Assets.xcassets in Resources */ = {isa = PBXBuildFile; fileRef = F79495271F6EC562006E3AB5 /* Assets.xcassets */; };
		F794952B1F6EC562006E3AB5 /* LaunchScreen.storyboard in Resources */ = {isa = PBXBuildFile; fileRef = F79495291F6EC562006E3AB5 /* LaunchScreen.storyboard */; };
		F79495361F6EC562006E3AB5 /* PhotosTests.swift in Sources */ = {isa = PBXBuildFile; fileRef = F79495351F6EC562006E3AB5 /* PhotosTests.swift */; };
		F79495421F6EC577006E3AB5 /* Photo.swift in Sources */ = {isa = PBXBuildFile; fileRef = F79495401F6EC577006E3AB5 /* Photo.swift */; };
		F79495431F6EC577006E3AB5 /* PhotoService.swift in Sources */ = {isa = PBXBuildFile; fileRef = F79495411F6EC577006E3AB5 /* PhotoService.swift */; };
		F79495451F719BBE006E3AB5 /* ImageView+URL.swift in Sources */ = {isa = PBXBuildFile; fileRef = F79495441F719BBE006E3AB5 /* ImageView+URL.swift */; };
		F794954C1F75C528006E3AB5 /* PagedPhotos.swift in Sources */ = {isa = PBXBuildFile; fileRef = F794954B1F75C528006E3AB5 /* PagedPhotos.swift */; };
		F794954E1F765971006E3AB5 /* ErrorCodes.swift in Sources */ = {isa = PBXBuildFile; fileRef = F794954D1F765971006E3AB5 /* ErrorCodes.swift */; };
		F79495531F76B7A9006E3AB5 /* PhotoDetailViewController.swift in Sources */ = {isa = PBXBuildFile; fileRef = F79495511F76B7A9006E3AB5 /* PhotoDetailViewController.swift */; };
		F79495541F76B7A9006E3AB5 /* PhotoDetailViewController.xib in Resources */ = {isa = PBXBuildFile; fileRef = F79495521F76B7A9006E3AB5 /* PhotoDetailViewController.xib */; };
		F79495561F76E581006E3AB5 /* EmptyStateCollectionReusableView.swift in Sources */ = {isa = PBXBuildFile; fileRef = F79495551F76E581006E3AB5 /* EmptyStateCollectionReusableView.swift */; };
		F794955B1F76EC40006E3AB5 /* Result.swift in Sources */ = {isa = PBXBuildFile; fileRef = F794955A1F76EC40006E3AB5 /* Result.swift */; };
		F7A2DFF5215EC4C000C75EDA /* APICall.swift in Sources */ = {isa = PBXBuildFile; fileRef = F7A2DFF4215EC4C000C75EDA /* APICall.swift */; };
/* End PBXBuildFile section */

/* Begin PBXContainerItemProxy section */
		F79495321F6EC562006E3AB5 /* PBXContainerItemProxy */ = {
			isa = PBXContainerItemProxy;
			containerPortal = F79495151F6EC562006E3AB5 /* Project object */;
			proxyType = 1;
			remoteGlobalIDString = F794951C1F6EC562006E3AB5;
			remoteInfo = Photos;
		};
/* End PBXContainerItemProxy section */

/* Begin PBXFileReference section */
		F733AFD21F71247000C3D256 /* LoadingCollectionReusableView.swift */ = {isa = PBXFileReference; fileEncoding = 4; lastKnownFileType = sourcecode.swift; path = LoadingCollectionReusableView.swift; sourceTree = "<group>"; };
		F733AFD31F71247000C3D256 /* LoadingCollectionReusableView.xib */ = {isa = PBXFileReference; fileEncoding = 4; lastKnownFileType = file.xib; path = LoadingCollectionReusableView.xib; sourceTree = "<group>"; };
		F733AFD81F71295E00C3D256 /* PhotoCollectionViewCell.swift */ = {isa = PBXFileReference; fileEncoding = 4; lastKnownFileType = sourcecode.swift; path = PhotoCollectionViewCell.swift; sourceTree = "<group>"; };
		F733AFDA1F715E4E00C3D256 /* UICollectionView+Nib.swift */ = {isa = PBXFileReference; fileEncoding = 4; lastKnownFileType = sourcecode.swift; path = "UICollectionView+Nib.swift"; sourceTree = "<group>"; };
		F733AFDC1F715F5C00C3D256 /* GlobalFunctions.swift */ = {isa = PBXFileReference; fileEncoding = 4; lastKnownFileType = sourcecode.swift; path = GlobalFunctions.swift; sourceTree = "<group>"; };
		F7554B9F215F6E79007F945B /* PhotosApi.swift */ = {isa = PBXFileReference; lastKnownFileType = sourcecode.swift; path = PhotosApi.swift; sourceTree = "<group>"; };
		F7554BA12160E04A007F945B /* PhotoInteractor.swift */ = {isa = PBXFileReference; lastKnownFileType = sourcecode.swift; path = PhotoInteractor.swift; sourceTree = "<group>"; };
		F794951D1F6EC562006E3AB5 /* Photos.app */ = {isa = PBXFileReference; explicitFileType = wrapper.application; includeInIndex = 0; path = Photos.app; sourceTree = BUILT_PRODUCTS_DIR; };
		F79495201F6EC562006E3AB5 /* AppDelegate.swift */ = {isa = PBXFileReference; lastKnownFileType = sourcecode.swift; path = AppDelegate.swift; sourceTree = "<group>"; };
		F79495221F6EC562006E3AB5 /* PhotosViewController.swift */ = {isa = PBXFileReference; lastKnownFileType = sourcecode.swift; path = PhotosViewController.swift; sourceTree = "<group>"; };
		F79495271F6EC562006E3AB5 /* Assets.xcassets */ = {isa = PBXFileReference; lastKnownFileType = folder.assetcatalog; path = Assets.xcassets; sourceTree = "<group>"; };
		F794952A1F6EC562006E3AB5 /* Base */ = {isa = PBXFileReference; lastKnownFileType = file.storyboard; name = Base; path = Base.lproj/LaunchScreen.storyboard; sourceTree = "<group>"; };
		F794952C1F6EC562006E3AB5 /* Info.plist */ = {isa = PBXFileReference; lastKnownFileType = text.plist.xml; path = Info.plist; sourceTree = "<group>"; };
		F79495311F6EC562006E3AB5 /* PhotosTests.xctest */ = {isa = PBXFileReference; explicitFileType = wrapper.cfbundle; includeInIndex = 0; path = PhotosTests.xctest; sourceTree = BUILT_PRODUCTS_DIR; };
		F79495351F6EC562006E3AB5 /* PhotosTests.swift */ = {isa = PBXFileReference; lastKnownFileType = sourcecode.swift; path = PhotosTests.swift; sourceTree = "<group>"; };
		F79495371F6EC562006E3AB5 /* Info.plist */ = {isa = PBXFileReference; lastKnownFileType = text.plist.xml; path = Info.plist; sourceTree = "<group>"; };
		F79495401F6EC577006E3AB5 /* Photo.swift */ = {isa = PBXFileReference; fileEncoding = 4; lastKnownFileType = sourcecode.swift; name = Photo.swift; path = ../Photo.swift; sourceTree = "<group>"; };
		F79495411F6EC577006E3AB5 /* PhotoService.swift */ = {isa = PBXFileReference; fileEncoding = 4; lastKnownFileType = sourcecode.swift; path = PhotoService.swift; sourceTree = "<group>"; };
		F79495441F719BBE006E3AB5 /* ImageView+URL.swift */ = {isa = PBXFileReference; fileEncoding = 4; lastKnownFileType = sourcecode.swift; name = "ImageView+URL.swift"; path = "../ImageView+URL.swift"; sourceTree = "<group>"; };
		F794954B1F75C528006E3AB5 /* PagedPhotos.swift */ = {isa = PBXFileReference; fileEncoding = 4; lastKnownFileType = sourcecode.swift; name = PagedPhotos.swift; path = ../PagedPhotos.swift; sourceTree = "<group>"; };
		F794954D1F765971006E3AB5 /* ErrorCodes.swift */ = {isa = PBXFileReference; fileEncoding = 4; lastKnownFileType = sourcecode.swift; name = ErrorCodes.swift; path = ../ErrorCodes.swift; sourceTree = "<group>"; };
		F79495511F76B7A9006E3AB5 /* PhotoDetailViewController.swift */ = {isa = PBXFileReference; fileEncoding = 4; lastKnownFileType = sourcecode.swift; path = PhotoDetailViewController.swift; sourceTree = "<group>"; };
		F79495521F76B7A9006E3AB5 /* PhotoDetailViewController.xib */ = {isa = PBXFileReference; fileEncoding = 4; lastKnownFileType = file.xib; path = PhotoDetailViewController.xib; sourceTree = "<group>"; };
		F79495551F76E581006E3AB5 /* EmptyStateCollectionReusableView.swift */ = {isa = PBXFileReference; fileEncoding = 4; lastKnownFileType = sourcecode.swift; path = EmptyStateCollectionReusableView.swift; sourceTree = "<group>"; };
		F794955A1F76EC40006E3AB5 /* Result.swift */ = {isa = PBXFileReference; fileEncoding = 4; lastKnownFileType = sourcecode.swift; path = Result.swift; sourceTree = "<group>"; };
		F7A2DFF4215EC4C000C75EDA /* APICall.swift */ = {isa = PBXFileReference; lastKnownFileType = sourcecode.swift; path = APICall.swift; sourceTree = "<group>"; };
/* End PBXFileReference section */

/* Begin PBXFrameworksBuildPhase section */
		F794951A1F6EC562006E3AB5 /* Frameworks */ = {
			isa = PBXFrameworksBuildPhase;
			buildActionMask = 2147483647;
			files = (
			);
			runOnlyForDeploymentPostprocessing = 0;
		};
		F794952E1F6EC562006E3AB5 /* Frameworks */ = {
			isa = PBXFrameworksBuildPhase;
			buildActionMask = 2147483647;
			files = (
			);
			runOnlyForDeploymentPostprocessing = 0;
		};
/* End PBXFrameworksBuildPhase section */

/* Begin PBXGroup section */
		F7554BA321610B43007F945B /* Photos */ = {
			isa = PBXGroup;
			children = (
				F7554BA721616ADB007F945B /* Services */,
				F7554BA421610B64007F945B /* Cell */,
				F7554BA12160E04A007F945B /* PhotoInteractor.swift */,
				F79495221F6EC562006E3AB5 /* PhotosViewController.swift */,
				F79495511F76B7A9006E3AB5 /* PhotoDetailViewController.swift */,
				F79495521F76B7A9006E3AB5 /* PhotoDetailViewController.xib */,
			);
			path = Photos;
			sourceTree = "<group>";
		};
		F7554BA421610B64007F945B /* Cell */ = {
			isa = PBXGroup;
			children = (
				F733AFD81F71295E00C3D256 /* PhotoCollectionViewCell.swift */,
			);
			path = Cell;
			sourceTree = "<group>";
		};
		F7554BA5216165DC007F945B /* Common */ = {
			isa = PBXGroup;
			children = (
				F79495551F76E581006E3AB5 /* EmptyStateCollectionReusableView.swift */,
				F733AFD21F71247000C3D256 /* LoadingCollectionReusableView.swift */,
				F733AFDA1F715E4E00C3D256 /* UICollectionView+Nib.swift */,
				F733AFD31F71247000C3D256 /* LoadingCollectionReusableView.xib */,
			);
			path = Common;
			sourceTree = "<group>";
		};
		F7554BA621616613007F945B /* API */ = {
			isa = PBXGroup;
			children = (
				F7554B9F215F6E79007F945B /* PhotosApi.swift */,
			);
			path = API;
			sourceTree = "<group>";
		};
		F7554BA721616ADB007F945B /* Services */ = {
			isa = PBXGroup;
			children = (
				F79495411F6EC577006E3AB5 /* PhotoService.swift */,
			);
			path = Services;
			sourceTree = "<group>";
		};
		F79495141F6EC562006E3AB5 = {
			isa = PBXGroup;
			children = (
				F794951F1F6EC562006E3AB5 /* Photos */,
				F79495341F6EC562006E3AB5 /* PhotosTests */,
				F794951E1F6EC562006E3AB5 /* Products */,
			);
			sourceTree = "<group>";
		};
		F794951E1F6EC562006E3AB5 /* Products */ = {
			isa = PBXGroup;
			children = (
				F794951D1F6EC562006E3AB5 /* Photos.app */,
				F79495311F6EC562006E3AB5 /* PhotosTests.xctest */,
			);
			name = Products;
			sourceTree = "<group>";
		};
		F794951F1F6EC562006E3AB5 /* Photos */ = {
			isa = PBXGroup;
			children = (
				F7554BA5216165DC007F945B /* Common */,
				F79495571F76E908006E3AB5 /* Entities */,
				F79495581F76E908006E3AB5 /* Network */,
				F79495591F76E908006E3AB5 /* Controller */,
				F733AFDC1F715F5C00C3D256 /* GlobalFunctions.swift */,
				F79495201F6EC562006E3AB5 /* AppDelegate.swift */,
				F79495271F6EC562006E3AB5 /* Assets.xcassets */,
				F79495291F6EC562006E3AB5 /* LaunchScreen.storyboard */,
				F794952C1F6EC562006E3AB5 /* Info.plist */,
			);
			path = Photos;
			sourceTree = "<group>";
		};
		F79495341F6EC562006E3AB5 /* PhotosTests */ = {
			isa = PBXGroup;
			children = (
				F79495351F6EC562006E3AB5 /* PhotosTests.swift */,
				F79495371F6EC562006E3AB5 /* Info.plist */,
			);
			path = PhotosTests;
			sourceTree = "<group>";
		};
		F79495571F76E908006E3AB5 /* Entities */ = {
			isa = PBXGroup;
			children = (
				F794954B1F75C528006E3AB5 /* PagedPhotos.swift */,
				F79495401F6EC577006E3AB5 /* Photo.swift */,
			);
			path = Entities;
			sourceTree = "<group>";
		};
		F79495581F76E908006E3AB5 /* Network */ = {
			isa = PBXGroup;
			children = (
				F7554BA621616613007F945B /* API */,
				F794954D1F765971006E3AB5 /* ErrorCodes.swift */,
				F79495441F719BBE006E3AB5 /* ImageView+URL.swift */,
				F794955A1F76EC40006E3AB5 /* Result.swift */,
				F7A2DFF4215EC4C000C75EDA /* APICall.swift */,
			);
			path = Network;
			sourceTree = "<group>";
		};
		F79495591F76E908006E3AB5 /* Controller */ = {
			isa = PBXGroup;
			children = (
				F7554BA321610B43007F945B /* Photos */,
			);
			path = Controller;
			sourceTree = "<group>";
		};
/* End PBXGroup section */

/* Begin PBXNativeTarget section */
		F794951C1F6EC562006E3AB5 /* Photos */ = {
			isa = PBXNativeTarget;
			buildConfigurationList = F794953A1F6EC562006E3AB5 /* Build configuration list for PBXNativeTarget "Photos" */;
			buildPhases = (
				F79495191F6EC562006E3AB5 /* Sources */,
				F794951A1F6EC562006E3AB5 /* Frameworks */,
				F794951B1F6EC562006E3AB5 /* Resources */,
			);
			buildRules = (
			);
			dependencies = (
			);
			name = Photos;
			productName = Photos;
			productReference = F794951D1F6EC562006E3AB5 /* Photos.app */;
			productType = "com.apple.product-type.application";
		};
		F79495301F6EC562006E3AB5 /* PhotosTests */ = {
			isa = PBXNativeTarget;
			buildConfigurationList = F794953D1F6EC562006E3AB5 /* Build configuration list for PBXNativeTarget "PhotosTests" */;
			buildPhases = (
				F794952D1F6EC562006E3AB5 /* Sources */,
				F794952E1F6EC562006E3AB5 /* Frameworks */,
				F794952F1F6EC562006E3AB5 /* Resources */,
			);
			buildRules = (
			);
			dependencies = (
				F79495331F6EC562006E3AB5 /* PBXTargetDependency */,
			);
			name = PhotosTests;
			productName = PhotosTests;
			productReference = F79495311F6EC562006E3AB5 /* PhotosTests.xctest */;
			productType = "com.apple.product-type.bundle.unit-test";
		};
/* End PBXNativeTarget section */

/* Begin PBXProject section */
		F79495151F6EC562006E3AB5 /* Project object */ = {
			isa = PBXProject;
			attributes = {
				LastSwiftUpdateCheck = 0830;
				LastUpgradeCheck = 0830;
				ORGANIZATIONNAME = "ziad Bou Ismail";
				TargetAttributes = {
					F794951C1F6EC562006E3AB5 = {
						CreatedOnToolsVersion = 8.3.1;
						ProvisioningStyle = Automatic;
					};
					F79495301F6EC562006E3AB5 = {
						CreatedOnToolsVersion = 8.3.1;
						ProvisioningStyle = Automatic;
						TestTargetID = F794951C1F6EC562006E3AB5;
					};
				};
			};
			buildConfigurationList = F79495181F6EC562006E3AB5 /* Build configuration list for PBXProject "Photos" */;
			compatibilityVersion = "Xcode 3.2";
			developmentRegion = English;
			hasScannedForEncodings = 0;
			knownRegions = (
				en,
				Base,
			);
			mainGroup = F79495141F6EC562006E3AB5;
			productRefGroup = F794951E1F6EC562006E3AB5 /* Products */;
			projectDirPath = "";
			projectRoot = "";
			targets = (
				F794951C1F6EC562006E3AB5 /* Photos */,
				F79495301F6EC562006E3AB5 /* PhotosTests */,
			);
		};
/* End PBXProject section */

/* Begin PBXResourcesBuildPhase section */
		F794951B1F6EC562006E3AB5 /* Resources */ = {
			isa = PBXResourcesBuildPhase;
			buildActionMask = 2147483647;
			files = (
				F794952B1F6EC562006E3AB5 /* LaunchScreen.storyboard in Resources */,
				F79495281F6EC562006E3AB5 /* Assets.xcassets in Resources */,
				F733AFD51F71247000C3D256 /* LoadingCollectionReusableView.xib in Resources */,
				F79495541F76B7A9006E3AB5 /* PhotoDetailViewController.xib in Resources */,
			);
			runOnlyForDeploymentPostprocessing = 0;
		};
		F794952F1F6EC562006E3AB5 /* Resources */ = {
			isa = PBXResourcesBuildPhase;
			buildActionMask = 2147483647;
			files = (
			);
			runOnlyForDeploymentPostprocessing = 0;
		};
/* End PBXResourcesBuildPhase section */

/* Begin PBXSourcesBuildPhase section */
		F79495191F6EC562006E3AB5 /* Sources */ = {
			isa = PBXSourcesBuildPhase;
			buildActionMask = 2147483647;
			files = (
				F79495531F76B7A9006E3AB5 /* PhotoDetailViewController.swift in Sources */,
				F733AFD91F71295E00C3D256 /* PhotoCollectionViewCell.swift in Sources */,
				F79495431F6EC577006E3AB5 /* PhotoService.swift in Sources */,
				F79495451F719BBE006E3AB5 /* ImageView+URL.swift in Sources */,
				F794955B1F76EC40006E3AB5 /* Result.swift in Sources */,
				F79495421F6EC577006E3AB5 /* Photo.swift in Sources */,
				F7554BA22160E04A007F945B /* PhotoInteractor.swift in Sources */,
				F794954C1F75C528006E3AB5 /* PagedPhotos.swift in Sources */,
				F79495561F76E581006E3AB5 /* EmptyStateCollectionReusableView.swift in Sources */,
				F733AFD41F71247000C3D256 /* LoadingCollectionReusableView.swift in Sources */,
				F7554BA0215F6E7A007F945B /* PhotosApi.swift in Sources */,
				F794954E1F765971006E3AB5 /* ErrorCodes.swift in Sources */,
				F79495231F6EC562006E3AB5 /* PhotosViewController.swift in Sources */,
				F733AFDB1F715E4E00C3D256 /* UICollectionView+Nib.swift in Sources */,
				F79495211F6EC562006E3AB5 /* AppDelegate.swift in Sources */,
				F7A2DFF5215EC4C000C75EDA /* APICall.swift in Sources */,
				F733AFDD1F715F5C00C3D256 /* GlobalFunctions.swift in Sources */,
			);
			runOnlyForDeploymentPostprocessing = 0;
		};
		F794952D1F6EC562006E3AB5 /* Sources */ = {
			isa = PBXSourcesBuildPhase;
			buildActionMask = 2147483647;
			files = (
				F79495361F6EC562006E3AB5 /* PhotosTests.swift in Sources */,
			);
			runOnlyForDeploymentPostprocessing = 0;
		};
/* End PBXSourcesBuildPhase section */

/* Begin PBXTargetDependency section */
		F79495331F6EC562006E3AB5 /* PBXTargetDependency */ = {
			isa = PBXTargetDependency;
			target = F794951C1F6EC562006E3AB5 /* Photos */;
			targetProxy = F79495321F6EC562006E3AB5 /* PBXContainerItemProxy */;
		};
/* End PBXTargetDependency section */

/* Begin PBXVariantGroup section */
		F79495291F6EC562006E3AB5 /* LaunchScreen.storyboard */ = {
			isa = PBXVariantGroup;
			children = (
				F794952A1F6EC562006E3AB5 /* Base */,
			);
			name = LaunchScreen.storyboard;
			sourceTree = "<group>";
		};
/* End PBXVariantGroup section */

/* Begin XCBuildConfiguration section */
		F79495381F6EC562006E3AB5 /* Debug */ = {
			isa = XCBuildConfiguration;
			buildSettings = {
				ALWAYS_SEARCH_USER_PATHS = NO;
				CLANG_ANALYZER_NONNULL = YES;
				CLANG_ANALYZER_NUMBER_OBJECT_CONVERSION = YES_AGGRESSIVE;
				CLANG_CXX_LANGUAGE_STANDARD = "gnu++0x";
				CLANG_CXX_LIBRARY = "libc++";
				CLANG_ENABLE_MODULES = YES;
				CLANG_ENABLE_OBJC_ARC = YES;
				CLANG_WARN_BOOL_CONVERSION = YES;
				CLANG_WARN_CONSTANT_CONVERSION = YES;
				CLANG_WARN_DIRECT_OBJC_ISA_USAGE = YES_ERROR;
				CLANG_WARN_DOCUMENTATION_COMMENTS = YES;
				CLANG_WARN_EMPTY_BODY = YES;
				CLANG_WARN_ENUM_CONVERSION = YES;
				CLANG_WARN_INFINITE_RECURSION = YES;
				CLANG_WARN_INT_CONVERSION = YES;
				CLANG_WARN_OBJC_ROOT_CLASS = YES_ERROR;
				CLANG_WARN_SUSPICIOUS_MOVE = YES;
				CLANG_WARN_UNREACHABLE_CODE = YES;
				CLANG_WARN__DUPLICATE_METHOD_MATCH = YES;
				"CODE_SIGN_IDENTITY[sdk=iphoneos*]" = "iPhone Developer";
				COPY_PHASE_STRIP = NO;
				DEBUG_INFORMATION_FORMAT = dwarf;
				ENABLE_STRICT_OBJC_MSGSEND = YES;
				ENABLE_TESTABILITY = YES;
				GCC_C_LANGUAGE_STANDARD = gnu99;
				GCC_DYNAMIC_NO_PIC = NO;
				GCC_NO_COMMON_BLOCKS = YES;
				GCC_OPTIMIZATION_LEVEL = 0;
				GCC_PREPROCESSOR_DEFINITIONS = (
					"DEBUG=1",
					"$(inherited)",
				);
				GCC_WARN_64_TO_32_BIT_CONVERSION = YES;
				GCC_WARN_ABOUT_RETURN_TYPE = YES_ERROR;
				GCC_WARN_UNDECLARED_SELECTOR = YES;
				GCC_WARN_UNINITIALIZED_AUTOS = YES_AGGRESSIVE;
				GCC_WARN_UNUSED_FUNCTION = YES;
				GCC_WARN_UNUSED_VARIABLE = YES;
				IPHONEOS_DEPLOYMENT_TARGET = 10.3;
				MTL_ENABLE_DEBUG_INFO = YES;
				ONLY_ACTIVE_ARCH = YES;
				SDKROOT = iphoneos;
				SWIFT_ACTIVE_COMPILATION_CONDITIONS = DEBUG;
				SWIFT_OPTIMIZATION_LEVEL = "-Onone";
				TARGETED_DEVICE_FAMILY = "1,2";
			};
			name = Debug;
		};
		F79495391F6EC562006E3AB5 /* Release */ = {
			isa = XCBuildConfiguration;
			buildSettings = {
				ALWAYS_SEARCH_USER_PATHS = NO;
				CLANG_ANALYZER_NONNULL = YES;
				CLANG_ANALYZER_NUMBER_OBJECT_CONVERSION = YES_AGGRESSIVE;
				CLANG_CXX_LANGUAGE_STANDARD = "gnu++0x";
				CLANG_CXX_LIBRARY = "libc++";
				CLANG_ENABLE_MODULES = YES;
				CLANG_ENABLE_OBJC_ARC = YES;
				CLANG_WARN_BOOL_CONVERSION = YES;
				CLANG_WARN_CONSTANT_CONVERSION = YES;
				CLANG_WARN_DIRECT_OBJC_ISA_USAGE = YES_ERROR;
				CLANG_WARN_DOCUMENTATION_COMMENTS = YES;
				CLANG_WARN_EMPTY_BODY = YES;
				CLANG_WARN_ENUM_CONVERSION = YES;
				CLANG_WARN_INFINITE_RECURSION = YES;
				CLANG_WARN_INT_CONVERSION = YES;
				CLANG_WARN_OBJC_ROOT_CLASS = YES_ERROR;
				CLANG_WARN_SUSPICIOUS_MOVE = YES;
				CLANG_WARN_UNREACHABLE_CODE = YES;
				CLANG_WARN__DUPLICATE_METHOD_MATCH = YES;
				"CODE_SIGN_IDENTITY[sdk=iphoneos*]" = "iPhone Developer";
				COPY_PHASE_STRIP = NO;
				DEBUG_INFORMATION_FORMAT = "dwarf-with-dsym";
				ENABLE_NS_ASSERTIONS = NO;
				ENABLE_STRICT_OBJC_MSGSEND = YES;
				GCC_C_LANGUAGE_STANDARD = gnu99;
				GCC_NO_COMMON_BLOCKS = YES;
				GCC_WARN_64_TO_32_BIT_CONVERSION = YES;
				GCC_WARN_ABOUT_RETURN_TYPE = YES_ERROR;
				GCC_WARN_UNDECLARED_SELECTOR = YES;
				GCC_WARN_UNINITIALIZED_AUTOS = YES_AGGRESSIVE;
				GCC_WARN_UNUSED_FUNCTION = YES;
				GCC_WARN_UNUSED_VARIABLE = YES;
				IPHONEOS_DEPLOYMENT_TARGET = 10.3;
				MTL_ENABLE_DEBUG_INFO = NO;
				SDKROOT = iphoneos;
				SWIFT_OPTIMIZATION_LEVEL = "-Owholemodule";
				TARGETED_DEVICE_FAMILY = "1,2";
				VALIDATE_PRODUCT = YES;
			};
			name = Release;
		};
		F794953B1F6EC562006E3AB5 /* Debug */ = {
			isa = XCBuildConfiguration;
			buildSettings = {
				ASSETCATALOG_COMPILER_APPICON_NAME = AppIcon;
				INFOPLIST_FILE = Photos/Info.plist;
				LD_RUNPATH_SEARCH_PATHS = "$(inherited) @executable_path/Frameworks";
				PRODUCT_BUNDLE_IDENTIFIER = com.ziad.Photos;
				PRODUCT_NAME = "$(TARGET_NAME)";
				SWIFT_VERSION = 3.0;
			};
			name = Debug;
		};
		F794953C1F6EC562006E3AB5 /* Release */ = {
			isa = XCBuildConfiguration;
			buildSettings = {
				ASSETCATALOG_COMPILER_APPICON_NAME = AppIcon;
				INFOPLIST_FILE = Photos/Info.plist;
				LD_RUNPATH_SEARCH_PATHS = "$(inherited) @executable_path/Frameworks";
				PRODUCT_BUNDLE_IDENTIFIER = com.ziad.Photos;
				PRODUCT_NAME = "$(TARGET_NAME)";
				SWIFT_VERSION = 3.0;
			};
			name = Release;
		};
		F794953E1F6EC562006E3AB5 /* Debug */ = {
			isa = XCBuildConfiguration;
			buildSettings = {
				ALWAYS_EMBED_SWIFT_STANDARD_LIBRARIES = YES;
				BUNDLE_LOADER = "$(TEST_HOST)";
				INFOPLIST_FILE = PhotosTests/Info.plist;
				LD_RUNPATH_SEARCH_PATHS = "$(inherited) @executable_path/Frameworks @loader_path/Frameworks";
				PRODUCT_BUNDLE_IDENTIFIER = com.ziad.PhotosTests;
				PRODUCT_NAME = "$(TARGET_NAME)";
				SWIFT_VERSION = 3.0;
				TEST_HOST = "$(BUILT_PRODUCTS_DIR)/Photos.app/Photos";
			};
			name = Debug;
		};
		F794953F1F6EC562006E3AB5 /* Release */ = {
			isa = XCBuildConfiguration;
			buildSettings = {
				ALWAYS_EMBED_SWIFT_STANDARD_LIBRARIES = YES;
				BUNDLE_LOADER = "$(TEST_HOST)";
				INFOPLIST_FILE = PhotosTests/Info.plist;
				LD_RUNPATH_SEARCH_PATHS = "$(inherited) @executable_path/Frameworks @loader_path/Frameworks";
				PRODUCT_BUNDLE_IDENTIFIER = com.ziad.PhotosTests;
				PRODUCT_NAME = "$(TARGET_NAME)";
				SWIFT_VERSION = 3.0;
				TEST_HOST = "$(BUILT_PRODUCTS_DIR)/Photos.app/Photos";
			};
			name = Release;
		};
/* End XCBuildConfiguration section */

/* Begin XCConfigurationList section */
		F79495181F6EC562006E3AB5 /* Build configuration list for PBXProject "Photos" */ = {
			isa = XCConfigurationList;
			buildConfigurations = (
				F79495381F6EC562006E3AB5 /* Debug */,
				F79495391F6EC562006E3AB5 /* Release */,
			);
			defaultConfigurationIsVisible = 0;
			defaultConfigurationName = Release;
		};
		F794953A1F6EC562006E3AB5 /* Build configuration list for PBXNativeTarget "Photos" */ = {
			isa = XCConfigurationList;
			buildConfigurations = (
				F794953B1F6EC562006E3AB5 /* Debug */,
				F794953C1F6EC562006E3AB5 /* Release */,
			);
			defaultConfigurationIsVisible = 0;
			defaultConfigurationName = Release;
		};
		F794953D1F6EC562006E3AB5 /* Build configuration list for PBXNativeTarget "PhotosTests" */ = {
			isa = XCConfigurationList;
			buildConfigurations = (
				F794953E1F6EC562006E3AB5 /* Debug */,
				F794953F1F6EC562006E3AB5 /* Release */,
			);
			defaultConfigurationIsVisible = 0;
			defaultConfigurationName = Release;
		};
/* End XCConfigurationList section */
	};
	rootObject = F79495151F6EC562006E3AB5 /* Project object */;
}
